Microsoft Visual Studio Solution File, Format Version 12.00
# Visual Studio Version 17
VisualStudioVersion = 17.5.2.0
MinimumVisualStudioVersion = 10.0.40219.1
Project("{FAE04EC0-301F-11D3-BF4B-00C04F79EFBC}") = "PiVCR", "PiVCR\PiVCR.csproj", "{AF1D5516-30E7-0FF3-B02C-DF26F8DAD1E3}"
EndProject
Global
	GlobalSection(SolutionConfigurationPlatforms) = preSolution
		Debug|Any CPU = Debug|Any CPU
		Release|Any CPU = Release|Any CPU
	EndGlobalSection
	GlobalSection(ProjectConfigurationPlatforms) = postSolution
		{AF1D5516-30E7-0FF3-B02C-DF26F8DAD1E3}.Debug|Any CPU.ActiveCfg = Debug|Any CPU
		{AF1D5516-30E7-0FF3-B02C-DF26F8DAD1E3}.Debug|Any CPU.Build.0 = Debug|Any CPU
		{AF1D5516-30E7-0FF3-B02C-DF26F8DAD1E3}.Release|Any CPU.ActiveCfg = Release|Any CPU
		{AF1D5516-30E7-0FF3-B02C-DF26F8DAD1E3}.Release|Any CPU.Build.0 = Release|Any CPU
	EndGlobalSection
	GlobalSection(SolutionProperties) = preSolution
		HideSolutionNode = FALSE
	EndGlobalSection
	GlobalSection(ExtensibilityGlobals) = postSolution
		SolutionGuid = {9D8C6407-6D31-43F4-AECA-9DE56CE81153}
	EndGlobalSection
EndGlobal
